// !$*UTF8*$!
{
	archiveVersion = 1;
	classes = {
	};
	objectVersion = 48;
	objects = {

/* Begin PBXGroup section */
		89DDAF671F7C304400330FC0 = {
			isa = PBXGroup;
			children = (
			);
			sourceTree = "<group>";
		};
/* End PBXGroup section */

/* Begin PBXProject section */
		89DDAF681F7C304400330FC0 /* Project object */ = {
			isa = PBXProject;
			attributes = {
				LastUpgradeCheck = 0900;
			};
			buildConfigurationList = 89DDAF6B1F7C304400330FC0 /* Build configuration list for PBXProject "TestIosProject1" */;
			compatibilityVersion = "Xcode 8.0";
			developmentRegion = en;
			hasScannedForEncodings = 0;
			knownRegions = (
				en,
			);
			mainGroup = 89DDAF671F7C304400330FC0;
			projectDirPath = "";
			projectRoot = "";
			targets = (
			);
		};
/* End PBXProject section */

/* Begin XCBuildConfiguration section */
		89DDAF6C1F7C304400330FC0 /* Debug */ = {
			isa = XCBuildConfiguration;
			buildSettings = {
			};
			name = Debug;
		};
		89DDAF6D1F7C304400330FC0 /* Release */ = {
			isa = XCBuildConfiguration;
			buildSettings = {
			};
			name = Release;
		};
/* End XCBuildConfiguration section */

/* Begin XCConfigurationList section */
		89DDAF6B1F7C304400330FC0 /* Build configuration list for PBXProject "TestIosProject1" */ = {
			isa = XCConfigurationList;
			buildConfigurations = (
				89DDAF6C1F7C304400330FC0 /* Debug */,
				89DDAF6D1F7C304400330FC0 /* Release */,
			);
			defaultConfigurationIsVisible = 0;
			defaultConfigurationName = Release;
		};
/* End XCConfigurationList section */
	};
	rootObject = 89DDAF681F7C304400330FC0 /* Project object */;
}
