// !$*UTF8*$!
{
	archiveVersion = 1;
	classes = {
	};
	objectVersion = 48;
	objects = {

/* Begin PBXBuildFile section */
		89CF54921F7C414000F7A73F /* AppDelegate.swift in Sources */ = {isa = PBXBuildFile; fileRef = 89CF54911F7C414000F7A73F /* AppDelegate.swift */; };
		89CF54941F7C414000F7A73F /* ViewController.swift in Sources */ = {isa = PBXBuildFile; fileRef = 89CF54931F7C414000F7A73F /* ViewController.swift */; };
		89CF54971F7C414000F7A73F /* Main.storyboard in Resources */ = {isa = PBXBuildFile; fileRef = 89CF54951F7C414000F7A73F /* Main.storyboard */; };
		89CF54991F7C414000F7A73F /* Assets.xcassets in Resources */ = {isa = PBXBuildFile; fileRef = 89CF54981F7C414000F7A73F /* Assets.xcassets */; };
		89CF549C1F7C414000F7A73F /* LaunchScreen.storyboard in Resources */ = {isa = PBXBuildFile; fileRef = 89CF549A1F7C414000F7A73F /* LaunchScreen.storyboard */; };
		89CF54A71F7C414000F7A73F /* TestIOSProject2Tests.swift in Sources */ = {isa = PBXBuildFile; fileRef = 89CF54A61F7C414000F7A73F /* TestIOSProject2Tests.swift */; };
		89CF54B21F7C414000F7A73F /* TestIOSProject2UITests.swift in Sources */ = {isa = PBXBuildFile; fileRef = 89CF54B11F7C414000F7A73F /* TestIOSProject2UITests.swift */; };
/* End PBXBuildFile section */

/* Begin PBXContainerItemProxy section */
		89CF54A31F7C414000F7A73F /* PBXContainerItemProxy */ = {
			isa = PBXContainerItemProxy;
			containerPortal = 89CF54861F7C414000F7A73F /* Project object */;
			proxyType = 1;
			remoteGlobalIDString = 89CF548D1F7C414000F7A73F;
			remoteInfo = TestIOSProject2;
		};
		89CF54AE1F7C414000F7A73F /* PBXContainerItemProxy */ = {
			isa = PBXContainerItemProxy;
			containerPortal = 89CF54861F7C414000F7A73F /* Project object */;
			proxyType = 1;
			remoteGlobalIDString = 89CF548D1F7C414000F7A73F;
			remoteInfo = TestIOSProject2;
		};
/* End PBXContainerItemProxy section */

/* Begin PBXFileReference section */
		89CF548E1F7C414000F7A73F /* TestIOSProject2.app */ = {isa = PBXFileReference; explicitFileType = wrapper.application; includeInIndex = 0; path = TestIOSProject2.app; sourceTree = BUILT_PRODUCTS_DIR; };
		89CF54911F7C414000F7A73F /* AppDelegate.swift */ = {isa = PBXFileReference; lastKnownFileType = sourcecode.swift; path = AppDelegate.swift; sourceTree = "<group>"; };
		89CF54931F7C414000F7A73F /* ViewController.swift */ = {isa = PBXFileReference; lastKnownFileType = sourcecode.swift; path = ViewController.swift; sourceTree = "<group>"; };
		89CF54961F7C414000F7A73F /* Base */ = {isa = PBXFileReference; lastKnownFileType = file.storyboard; name = Base; path = Base.lproj/Main.storyboard; sourceTree = "<group>"; };
		89CF54981F7C414000F7A73F /* Assets.xcassets */ = {isa = PBXFileReference; lastKnownFileType = folder.assetcatalog; path = Assets.xcassets; sourceTree = "<group>"; };
		89CF549B1F7C414000F7A73F /* Base */ = {isa = PBXFileReference; lastKnownFileType = file.storyboard; name = Base; path = Base.lproj/LaunchScreen.storyboard; sourceTree = "<group>"; };
		89CF549D1F7C414000F7A73F /* Info.plist */ = {isa = PBXFileReference; lastKnownFileType = text.plist.xml; path = Info.plist; sourceTree = "<group>"; };
		89CF54A21F7C414000F7A73F /* TestIOSProject2Tests.xctest */ = {isa = PBXFileReference; explicitFileType = wrapper.cfbundle; includeInIndex = 0; path = TestIOSProject2Tests.xctest; sourceTree = BUILT_PRODUCTS_DIR; };
		89CF54A61F7C414000F7A73F /* TestIOSProject2Tests.swift */ = {isa = PBXFileReference; lastKnownFileType = sourcecode.swift; path = TestIOSProject2Tests.swift; sourceTree = "<group>"; };
		89CF54A81F7C414000F7A73F /* Info.plist */ = {isa = PBXFileReference; lastKnownFileType = text.plist.xml; path = Info.plist; sourceTree = "<group>"; };
		89CF54AD1F7C414000F7A73F /* TestIOSProject2UITests.xctest */ = {isa = PBXFileReference; explicitFileType = wrapper.cfbundle; includeInIndex = 0; path = TestIOSProject2UITests.xctest; sourceTree = BUILT_PRODUCTS_DIR; };
		89CF54B11F7C414000F7A73F /* TestIOSProject2UITests.swift */ = {isa = PBXFileReference; lastKnownFileType = sourcecode.swift; path = TestIOSProject2UITests.swift; sourceTree = "<group>"; };
		89CF54B31F7C414000F7A73F /* Info.plist */ = {isa = PBXFileReference; lastKnownFileType = text.plist.xml; path = Info.plist; sourceTree = "<group>"; };
/* End PBXFileReference section */

/* Begin PBXFrameworksBuildPhase section */
		89CF548B1F7C414000F7A73F /* Frameworks */ = {
			isa = PBXFrameworksBuildPhase;
			buildActionMask = 2147483647;
			files = (
			);
			runOnlyForDeploymentPostprocessing = 0;
		};
		89CF549F1F7C414000F7A73F /* Frameworks */ = {
			isa = PBXFrameworksBuildPhase;
			buildActionMask = 2147483647;
			files = (
			);
			runOnlyForDeploymentPostprocessing = 0;
		};
		89CF54AA1F7C414000F7A73F /* Frameworks */ = {
			isa = PBXFrameworksBuildPhase;
			buildActionMask = 2147483647;
			files = (
			);
			runOnlyForDeploymentPostprocessing = 0;
		};
/* End PBXFrameworksBuildPhase section */

/* Begin PBXGroup section */
		89CF54851F7C414000F7A73F = {
			isa = PBXGroup;
			children = (
				89CF54901F7C414000F7A73F /* TestIOSProject2 */,
				89CF54A51F7C414000F7A73F /* TestIOSProject2Tests */,
				89CF54B01F7C414000F7A73F /* TestIOSProject2UITests */,
				89CF548F1F7C414000F7A73F /* Products */,
			);
			sourceTree = "<group>";
		};
		89CF548F1F7C414000F7A73F /* Products */ = {
			isa = PBXGroup;
			children = (
				89CF548E1F7C414000F7A73F /* TestIOSProject2.app */,
				89CF54A21F7C414000F7A73F /* TestIOSProject2Tests.xctest */,
				89CF54AD1F7C414000F7A73F /* TestIOSProject2UITests.xctest */,
			);
			name = Products;
			sourceTree = "<group>";
		};
		89CF54901F7C414000F7A73F /* TestIOSProject2 */ = {
			isa = PBXGroup;
			children = (
				89CF54911F7C414000F7A73F /* AppDelegate.swift */,
				89CF54931F7C414000F7A73F /* ViewController.swift */,
				89CF54951F7C414000F7A73F /* Main.storyboard */,
				89CF54981F7C414000F7A73F /* Assets.xcassets */,
				89CF549A1F7C414000F7A73F /* LaunchScreen.storyboard */,
				89CF549D1F7C414000F7A73F /* Info.plist */,
			);
			path = TestIOSProject2;
			sourceTree = "<group>";
		};
		89CF54A51F7C414000F7A73F /* TestIOSProject2Tests */ = {
			isa = PBXGroup;
			children = (
				89CF54A61F7C414000F7A73F /* TestIOSProject2Tests.swift */,
				89CF54A81F7C414000F7A73F /* Info.plist */,
			);
			path = TestIOSProject2Tests;
			sourceTree = "<group>";
		};
		89CF54B01F7C414000F7A73F /* TestIOSProject2UITests */ = {
			isa = PBXGroup;
			children = (
				89CF54B11F7C414000F7A73F /* TestIOSProject2UITests.swift */,
				89CF54B31F7C414000F7A73F /* Info.plist */,
			);
			path = TestIOSProject2UITests;
			sourceTree = "<group>";
		};
/* End PBXGroup section */

/* Begin PBXNativeTarget section */
		89CF548D1F7C414000F7A73F /* TestIOSProject2 */ = {
			isa = PBXNativeTarget;
			buildConfigurationList = 89CF54B61F7C414000F7A73F /* Build configuration list for PBXNativeTarget "TestIOSProject2" */;
			buildPhases = (
				89CF548A1F7C414000F7A73F /* Sources */,
				89CF548B1F7C414000F7A73F /* Frameworks */,
				89CF548C1F7C414000F7A73F /* Resources */,
			);
			buildRules = (
			);
			dependencies = (
			);
			name = TestIOSProject2;
			productName = TestIOSProject2;
			productReference = 89CF548E1F7C414000F7A73F /* TestIOSProject2.app */;
			productType = "com.apple.product-type.application";
		};
		89CF54A11F7C414000F7A73F /* TestIOSProject2Tests */ = {
			isa = PBXNativeTarget;
			buildConfigurationList = 89CF54B91F7C414000F7A73F /* Build configuration list for PBXNativeTarget "TestIOSProject2Tests" */;
			buildPhases = (
				89CF549E1F7C414000F7A73F /* Sources */,
				89CF549F1F7C414000F7A73F /* Frameworks */,
				89CF54A01F7C414000F7A73F /* Resources */,
			);
			buildRules = (
			);
			dependencies = (
				89CF54A41F7C414000F7A73F /* PBXTargetDependency */,
			);
			name = TestIOSProject2Tests;
			productName = TestIOSProject2Tests;
			productReference = 89CF54A21F7C414000F7A73F /* TestIOSProject2Tests.xctest */;
			productType = "com.apple.product-type.bundle.unit-test";
		};
		89CF54AC1F7C414000F7A73F /* TestIOSProject2UITests */ = {
			isa = PBXNativeTarget;
			buildConfigurationList = 89CF54BC1F7C414000F7A73F /* Build configuration list for PBXNativeTarget "TestIOSProject2UITests" */;
			buildPhases = (
				89CF54A91F7C414000F7A73F /* Sources */,
				89CF54AA1F7C414000F7A73F /* Frameworks */,
				89CF54AB1F7C414000F7A73F /* Resources */,
			);
			buildRules = (
			);
			dependencies = (
				89CF54AF1F7C414000F7A73F /* PBXTargetDependency */,
			);
			name = TestIOSProject2UITests;
			productName = TestIOSProject2UITests;
			productReference = 89CF54AD1F7C414000F7A73F /* TestIOSProject2UITests.xctest */;
			productType = "com.apple.product-type.bundle.ui-testing";
		};
/* End PBXNativeTarget section */

/* Begin PBXProject section */
		89CF54861F7C414000F7A73F /* Project object */ = {
			isa = PBXProject;
			attributes = {
				LastSwiftUpdateCheck = 0900;
				LastUpgradeCheck = 0900;
				ORGANIZATIONNAME = "Евгений Храмков";
				TargetAttributes = {
					89CF548D1F7C414000F7A73F = {
						CreatedOnToolsVersion = 9.0;
						ProvisioningStyle = Automatic;
					};
					89CF54A11F7C414000F7A73F = {
						CreatedOnToolsVersion = 9.0;
						ProvisioningStyle = Automatic;
						TestTargetID = 89CF548D1F7C414000F7A73F;
					};
					89CF54AC1F7C414000F7A73F = {
						CreatedOnToolsVersion = 9.0;
						ProvisioningStyle = Automatic;
						TestTargetID = 89CF548D1F7C414000F7A73F;
					};
				};
			};
			buildConfigurationList = 89CF54891F7C414000F7A73F /* Build configuration list for PBXProject "TestIOSProject2" */;
			compatibilityVersion = "Xcode 8.0";
			developmentRegion = en;
			hasScannedForEncodings = 0;
			knownRegions = (
				en,
				Base,
			);
			mainGroup = 89CF54851F7C414000F7A73F;
			productRefGroup = 89CF548F1F7C414000F7A73F /* Products */;
			projectDirPath = "";
			projectRoot = "";
			targets = (
				89CF548D1F7C414000F7A73F /* TestIOSProject2 */,
				89CF54A11F7C414000F7A73F /* TestIOSProject2Tests */,
				89CF54AC1F7C414000F7A73F /* TestIOSProject2UITests */,
			);
		};
/* End PBXProject section */

/* Begin PBXResourcesBuildPhase section */
		89CF548C1F7C414000F7A73F /* Resources */ = {
			isa = PBXResourcesBuildPhase;
			buildActionMask = 2147483647;
			files = (
				89CF549C1F7C414000F7A73F /* LaunchScreen.storyboard in Resources */,
				89CF54991F7C414000F7A73F /* Assets.xcassets in Resources */,
				89CF54971F7C414000F7A73F /* Main.storyboard in Resources */,
			);
			runOnlyForDeploymentPostprocessing = 0;
		};
		89CF54A01F7C414000F7A73F /* Resources */ = {
			isa = PBXResourcesBuildPhase;
			buildActionMask = 2147483647;
			files = (
			);
			runOnlyForDeploymentPostprocessing = 0;
		};
		89CF54AB1F7C414000F7A73F /* Resources */ = {
			isa = PBXResourcesBuildPhase;
			buildActionMask = 2147483647;
			files = (
			);
			runOnlyForDeploymentPostprocessing = 0;
		};
/* End PBXResourcesBuildPhase section */

/* Begin PBXSourcesBuildPhase section */
		89CF548A1F7C414000F7A73F /* Sources */ = {
			isa = PBXSourcesBuildPhase;
			buildActionMask = 2147483647;
			files = (
				89CF54941F7C414000F7A73F /* ViewController.swift in Sources */,
				89CF54921F7C414000F7A73F /* AppDelegate.swift in Sources */,
			);
			runOnlyForDeploymentPostprocessing = 0;
		};
		89CF549E1F7C414000F7A73F /* Sources */ = {
			isa = PBXSourcesBuildPhase;
			buildActionMask = 2147483647;
			files = (
				89CF54A71F7C414000F7A73F /* TestIOSProject2Tests.swift in Sources */,
			);
			runOnlyForDeploymentPostprocessing = 0;
		};
		89CF54A91F7C414000F7A73F /* Sources */ = {
			isa = PBXSourcesBuildPhase;
			buildActionMask = 2147483647;
			files = (
				89CF54B21F7C414000F7A73F /* TestIOSProject2UITests.swift in Sources */,
			);
			runOnlyForDeploymentPostprocessing = 0;
		};
/* End PBXSourcesBuildPhase section */

/* Begin PBXTargetDependency section */
		89CF54A41F7C414000F7A73F /* PBXTargetDependency */ = {
			isa = PBXTargetDependency;
			target = 89CF548D1F7C414000F7A73F /* TestIOSProject2 */;
			targetProxy = 89CF54A31F7C414000F7A73F /* PBXContainerItemProxy */;
		};
		89CF54AF1F7C414000F7A73F /* PBXTargetDependency */ = {
			isa = PBXTargetDependency;
			target = 89CF548D1F7C414000F7A73F /* TestIOSProject2 */;
			targetProxy = 89CF54AE1F7C414000F7A73F /* PBXContainerItemProxy */;
		};
/* End PBXTargetDependency section */

/* Begin PBXVariantGroup section */
		89CF54951F7C414000F7A73F /* Main.storyboard */ = {
			isa = PBXVariantGroup;
			children = (
				89CF54961F7C414000F7A73F /* Base */,
			);
			name = Main.storyboard;
			sourceTree = "<group>";
		};
		89CF549A1F7C414000F7A73F /* LaunchScreen.storyboard */ = {
			isa = PBXVariantGroup;
			children = (
				89CF549B1F7C414000F7A73F /* Base */,
			);
			name = LaunchScreen.storyboard;
			sourceTree = "<group>";
		};
/* End PBXVariantGroup section */

/* Begin XCBuildConfiguration section */
		89CF54B41F7C414000F7A73F /* Debug */ = {
			isa = XCBuildConfiguration;
			buildSettings = {
				ALWAYS_SEARCH_USER_PATHS = NO;
				CLANG_ANALYZER_NONNULL = YES;
				CLANG_ANALYZER_NUMBER_OBJECT_CONVERSION = YES_AGGRESSIVE;
				CLANG_CXX_LANGUAGE_STANDARD = "gnu++14";
				CLANG_CXX_LIBRARY = "libc++";
				CLANG_ENABLE_MODULES = YES;
				CLANG_ENABLE_OBJC_ARC = YES;
				CLANG_WARN_BLOCK_CAPTURE_AUTORELEASING = YES;
				CLANG_WARN_BOOL_CONVERSION = YES;
				CLANG_WARN_COMMA = YES;
				CLANG_WARN_CONSTANT_CONVERSION = YES;
				CLANG_WARN_DIRECT_OBJC_ISA_USAGE = YES_ERROR;
				CLANG_WARN_DOCUMENTATION_COMMENTS = YES;
				CLANG_WARN_EMPTY_BODY = YES;
				CLANG_WARN_ENUM_CONVERSION = YES;
				CLANG_WARN_INFINITE_RECURSION = YES;
				CLANG_WARN_INT_CONVERSION = YES;
				CLANG_WARN_NON_LITERAL_NULL_CONVERSION = YES;
				CLANG_WARN_OBJC_LITERAL_CONVERSION = YES;
				CLANG_WARN_OBJC_ROOT_CLASS = YES_ERROR;
				CLANG_WARN_RANGE_LOOP_ANALYSIS = YES;
				CLANG_WARN_STRICT_PROTOTYPES = YES;
				CLANG_WARN_SUSPICIOUS_MOVE = YES;
				CLANG_WARN_UNGUARDED_AVAILABILITY = YES_AGGRESSIVE;
				CLANG_WARN_UNREACHABLE_CODE = YES;
				CLANG_WARN__DUPLICATE_METHOD_MATCH = YES;
				CODE_SIGN_IDENTITY = "iPhone Developer";
				COPY_PHASE_STRIP = NO;
				DEBUG_INFORMATION_FORMAT = dwarf;
				ENABLE_STRICT_OBJC_MSGSEND = YES;
				ENABLE_TESTABILITY = YES;
				GCC_C_LANGUAGE_STANDARD = gnu11;
				GCC_DYNAMIC_NO_PIC = NO;
				GCC_NO_COMMON_BLOCKS = YES;
				GCC_OPTIMIZATION_LEVEL = 0;
				GCC_PREPROCESSOR_DEFINITIONS = (
					"DEBUG=1",
					"$(inherited)",
				);
				GCC_WARN_64_TO_32_BIT_CONVERSION = YES;
				GCC_WARN_ABOUT_RETURN_TYPE = YES_ERROR;
				GCC_WARN_UNDECLARED_SELECTOR = YES;
				GCC_WARN_UNINITIALIZED_AUTOS = YES_AGGRESSIVE;
				GCC_WARN_UNUSED_FUNCTION = YES;
				GCC_WARN_UNUSED_VARIABLE = YES;
				IPHONEOS_DEPLOYMENT_TARGET = 11.0;
				MTL_ENABLE_DEBUG_INFO = YES;
				ONLY_ACTIVE_ARCH = YES;
				SDKROOT = iphoneos;
				SWIFT_ACTIVE_COMPILATION_CONDITIONS = DEBUG;
				SWIFT_OPTIMIZATION_LEVEL = "-Onone";
			};
			name = Debug;
		};
		89CF54B51F7C414000F7A73F /* Release */ = {
			isa = XCBuildConfiguration;
			buildSettings = {
				ALWAYS_SEARCH_USER_PATHS = NO;
				CLANG_ANALYZER_NONNULL = YES;
				CLANG_ANALYZER_NUMBER_OBJECT_CONVERSION = YES_AGGRESSIVE;
				CLANG_CXX_LANGUAGE_STANDARD = "gnu++14";
				CLANG_CXX_LIBRARY = "libc++";
				CLANG_ENABLE_MODULES = YES;
				CLANG_ENABLE_OBJC_ARC = YES;
				CLANG_WARN_BLOCK_CAPTURE_AUTORELEASING = YES;
				CLANG_WARN_BOOL_CONVERSION = YES;
				CLANG_WARN_COMMA = YES;
				CLANG_WARN_CONSTANT_CONVERSION = YES;
				CLANG_WARN_DIRECT_OBJC_ISA_USAGE = YES_ERROR;
				CLANG_WARN_DOCUMENTATION_COMMENTS = YES;
				CLANG_WARN_EMPTY_BODY = YES;
				CLANG_WARN_ENUM_CONVERSION = YES;
				CLANG_WARN_INFINITE_RECURSION = YES;
				CLANG_WARN_INT_CONVERSION = YES;
				CLANG_WARN_NON_LITERAL_NULL_CONVERSION = YES;
				CLANG_WARN_OBJC_LITERAL_CONVERSION = YES;
				CLANG_WARN_OBJC_ROOT_CLASS = YES_ERROR;
				CLANG_WARN_RANGE_LOOP_ANALYSIS = YES;
				CLANG_WARN_STRICT_PROTOTYPES = YES;
				CLANG_WARN_SUSPICIOUS_MOVE = YES;
				CLANG_WARN_UNGUARDED_AVAILABILITY = YES_AGGRESSIVE;
				CLANG_WARN_UNREACHABLE_CODE = YES;
				CLANG_WARN__DUPLICATE_METHOD_MATCH = YES;
				CODE_SIGN_IDENTITY = "iPhone Developer";
				COPY_PHASE_STRIP = NO;
				DEBUG_INFORMATION_FORMAT = "dwarf-with-dsym";
				ENABLE_NS_ASSERTIONS = NO;
				ENABLE_STRICT_OBJC_MSGSEND = YES;
				GCC_C_LANGUAGE_STANDARD = gnu11;
				GCC_NO_COMMON_BLOCKS = YES;
				GCC_WARN_64_TO_32_BIT_CONVERSION = YES;
				GCC_WARN_ABOUT_RETURN_TYPE = YES_ERROR;
				GCC_WARN_UNDECLARED_SELECTOR = YES;
				GCC_WARN_UNINITIALIZED_AUTOS = YES_AGGRESSIVE;
				GCC_WARN_UNUSED_FUNCTION = YES;
				GCC_WARN_UNUSED_VARIABLE = YES;
				IPHONEOS_DEPLOYMENT_TARGET = 11.0;
				MTL_ENABLE_DEBUG_INFO = NO;
				SDKROOT = iphoneos;
				SWIFT_OPTIMIZATION_LEVEL = "-Owholemodule";
				VALIDATE_PRODUCT = YES;
			};
			name = Release;
		};
		89CF54B71F7C414000F7A73F /* Debug */ = {
			isa = XCBuildConfiguration;
			buildSettings = {
				ASSETCATALOG_COMPILER_APPICON_NAME = AppIcon;
				CODE_SIGN_STYLE = Automatic;
				DEVELOPMENT_TEAM = R2L8TU8NEV;
				INFOPLIST_FILE = TestIOSProject2/Info.plist;
				LD_RUNPATH_SEARCH_PATHS = "$(inherited) @executable_path/Frameworks";
				PRODUCT_BUNDLE_IDENTIFIER = com.ewgenius.TestIOSProject2;
				PRODUCT_NAME = "$(TARGET_NAME)";
				SWIFT_VERSION = 4.0;
				TARGETED_DEVICE_FAMILY = "1,2";
			};
			name = Debug;
		};
		89CF54B81F7C414000F7A73F /* Release */ = {
			isa = XCBuildConfiguration;
			buildSettings = {
				ASSETCATALOG_COMPILER_APPICON_NAME = AppIcon;
				CODE_SIGN_STYLE = Automatic;
				DEVELOPMENT_TEAM = R2L8TU8NEV;
				INFOPLIST_FILE = TestIOSProject2/Info.plist;
				LD_RUNPATH_SEARCH_PATHS = "$(inherited) @executable_path/Frameworks";
				PRODUCT_BUNDLE_IDENTIFIER = com.ewgenius.TestIOSProject2;
				PRODUCT_NAME = "$(TARGET_NAME)";
				SWIFT_VERSION = 4.0;
				TARGETED_DEVICE_FAMILY = "1,2";
			};
			name = Release;
		};
		89CF54BA1F7C414000F7A73F /* Debug */ = {
			isa = XCBuildConfiguration;
			buildSettings = {
				ALWAYS_EMBED_SWIFT_STANDARD_LIBRARIES = YES;
				BUNDLE_LOADER = "$(TEST_HOST)";
				CODE_SIGN_STYLE = Automatic;
				DEVELOPMENT_TEAM = R2L8TU8NEV;
				INFOPLIST_FILE = TestIOSProject2Tests/Info.plist;
				LD_RUNPATH_SEARCH_PATHS = "$(inherited) @executable_path/Frameworks @loader_path/Frameworks";
				PRODUCT_BUNDLE_IDENTIFIER = com.ewgenius.TestIOSProject2Tests;
				PRODUCT_NAME = "$(TARGET_NAME)";
				SWIFT_VERSION = 4.0;
				TARGETED_DEVICE_FAMILY = "1,2";
				TEST_HOST = "$(BUILT_PRODUCTS_DIR)/TestIOSProject2.app/TestIOSProject2";
			};
			name = Debug;
		};
		89CF54BB1F7C414000F7A73F /* Release */ = {
			isa = XCBuildConfiguration;
			buildSettings = {
				ALWAYS_EMBED_SWIFT_STANDARD_LIBRARIES = YES;
				BUNDLE_LOADER = "$(TEST_HOST)";
				CODE_SIGN_STYLE = Automatic;
				DEVELOPMENT_TEAM = R2L8TU8NEV;
				INFOPLIST_FILE = TestIOSProject2Tests/Info.plist;
				LD_RUNPATH_SEARCH_PATHS = "$(inherited) @executable_path/Frameworks @loader_path/Frameworks";
				PRODUCT_BUNDLE_IDENTIFIER = com.ewgenius.TestIOSProject2Tests;
				PRODUCT_NAME = "$(TARGET_NAME)";
				SWIFT_VERSION = 4.0;
				TARGETED_DEVICE_FAMILY = "1,2";
				TEST_HOST = "$(BUILT_PRODUCTS_DIR)/TestIOSProject2.app/TestIOSProject2";
			};
			name = Release;
		};
		89CF54BD1F7C414000F7A73F /* Debug */ = {
			isa = XCBuildConfiguration;
			buildSettings = {
				ALWAYS_EMBED_SWIFT_STANDARD_LIBRARIES = YES;
				CODE_SIGN_STYLE = Automatic;
				DEVELOPMENT_TEAM = R2L8TU8NEV;
				INFOPLIST_FILE = TestIOSProject2UITests/Info.plist;
				LD_RUNPATH_SEARCH_PATHS = "$(inherited) @executable_path/Frameworks @loader_path/Frameworks";
				PRODUCT_BUNDLE_IDENTIFIER = com.ewgenius.TestIOSProject2UITests;
				PRODUCT_NAME = "$(TARGET_NAME)";
				SWIFT_VERSION = 4.0;
				TARGETED_DEVICE_FAMILY = "1,2";
				TEST_TARGET_NAME = TestIOSProject2;
			};
			name = Debug;
		};
		89CF54BE1F7C414000F7A73F /* Release */ = {
			isa = XCBuildConfiguration;
			buildSettings = {
				ALWAYS_EMBED_SWIFT_STANDARD_LIBRARIES = YES;
				CODE_SIGN_STYLE = Automatic;
				DEVELOPMENT_TEAM = R2L8TU8NEV;
				INFOPLIST_FILE = TestIOSProject2UITests/Info.plist;
				LD_RUNPATH_SEARCH_PATHS = "$(inherited) @executable_path/Frameworks @loader_path/Frameworks";
				PRODUCT_BUNDLE_IDENTIFIER = com.ewgenius.TestIOSProject2UITests;
				PRODUCT_NAME = "$(TARGET_NAME)";
				SWIFT_VERSION = 4.0;
				TARGETED_DEVICE_FAMILY = "1,2";
				TEST_TARGET_NAME = TestIOSProject2;
			};
			name = Release;
		};
/* End XCBuildConfiguration section */

/* Begin XCConfigurationList section */
		89CF54891F7C414000F7A73F /* Build configuration list for PBXProject "TestIOSProject2" */ = {
			isa = XCConfigurationList;
			buildConfigurations = (
				89CF54B41F7C414000F7A73F /* Debug */,
				89CF54B51F7C414000F7A73F /* Release */,
			);
			defaultConfigurationIsVisible = 0;
			defaultConfigurationName = Release;
		};
		89CF54B61F7C414000F7A73F /* Build configuration list for PBXNativeTarget "TestIOSProject2" */ = {
			isa = XCConfigurationList;
			buildConfigurations = (
				89CF54B71F7C414000F7A73F /* Debug */,
				89CF54B81F7C414000F7A73F /* Release */,
			);
			defaultConfigurationIsVisible = 0;
			defaultConfigurationName = Release;
		};
		89CF54B91F7C414000F7A73F /* Build configuration list for PBXNativeTarget "TestIOSProject2Tests" */ = {
			isa = XCConfigurationList;
			buildConfigurations = (
				89CF54BA1F7C414000F7A73F /* Debug */,
				89CF54BB1F7C414000F7A73F /* Release */,
			);
			defaultConfigurationIsVisible = 0;
			defaultConfigurationName = Release;
		};
		89CF54BC1F7C414000F7A73F /* Build configuration list for PBXNativeTarget "TestIOSProject2UITests" */ = {
			isa = XCConfigurationList;
			buildConfigurations = (
				89CF54BD1F7C414000F7A73F /* Debug */,
				89CF54BE1F7C414000F7A73F /* Release */,
			);
			defaultConfigurationIsVisible = 0;
			defaultConfigurationName = Release;
		};
/* End XCConfigurationList section */
	};
	rootObject = 89CF54861F7C414000F7A73F /* Project object */;
}
